
Microsoft Visual Studio Solution File, Format Version 12.00
# Visual Studio 14
VisualStudioVersion = 14.0.23107.0
MinimumVisualStudioVersion = 10.0.40219.1
Project("{F184B08F-C81C-45F6-A57F-5ABD9991F28F}") = "GiveMEaway", "GiveMEaway\GiveMEaway.vbproj", "{13F018E5-8100-4707-B62E-585E3828EE49}"
EndProject
Project("{F184B08F-C81C-45F6-A57F-5ABD9991F28F}") = "GiveMEupdate", "GiveMEupdate\GiveMEupdate.vbproj", "{1464CD71-DEC7-435B-8BF4-8008C62D4C39}"
EndProject
Global
	GlobalSection(SolutionConfigurationPlatforms) = preSolution
		Debug|Any CPU = Debug|Any CPU
		Release|Any CPU = Release|Any CPU
	EndGlobalSection
	GlobalSection(ProjectConfigurationPlatforms) = postSolution
		{13F018E5-8100-4707-B62E-585E3828EE49}.Debug|Any CPU.ActiveCfg = Debug|Any CPU
		{13F018E5-8100-4707-B62E-585E3828EE49}.Debug|Any CPU.Build.0 = Debug|Any CPU
		{13F018E5-8100-4707-B62E-585E3828EE49}.Release|Any CPU.ActiveCfg = Release|Any CPU
		{13F018E5-8100-4707-B62E-585E3828EE49}.Release|Any CPU.Build.0 = Release|Any CPU
		{1464CD71-DEC7-435B-8BF4-8008C62D4C39}.Debug|Any CPU.ActiveCfg = Debug|Any CPU
		{1464CD71-DEC7-435B-8BF4-8008C62D4C39}.Debug|Any CPU.Build.0 = Debug|Any CPU
		{1464CD71-DEC7-435B-8BF4-8008C62D4C39}.Release|Any CPU.ActiveCfg = Release|Any CPU
		{1464CD71-DEC7-435B-8BF4-8008C62D4C39}.Release|Any CPU.Build.0 = Release|Any CPU
	EndGlobalSection
	GlobalSection(SolutionProperties) = preSolution
		HideSolutionNode = FALSE
	EndGlobalSection
EndGlobal
